
Microsoft Visual Studio Solution File, Format Version 12.00
# Visual Studio Version 17
VisualStudioVersion = 17.3.32819.101
MinimumVisualStudioVersion = 10.0.40219.1
Project("{9A19103F-16F7-4668-BE54-9A1E7A4F7556}") = "DotNetCoreHomeWork.Api", "DotNetCoreHomeWork\DotNetCoreHomeWork.Api.csproj", "{B6519E43-F032-44DE-9413-F9DF615BFAE3}"
EndProject
Project("{9A19103F-16F7-4668-BE54-9A1E7A4F7556}") = "DotNetCoreHomeWork.Core", "DotNetCoreHomeWork.Core\DotNetCoreHomeWork.Core.csproj", "{0E83A788-A15F-4043-AFBE-8BE769101EBF}"
EndProject
Project("{FAE04EC0-301F-11D3-BF4B-00C04F79EFBC}") = "DotNetCoreHomeWork.xUnit", "DotNetCoreHomeWork.xUnit\DotNetCoreHomeWork.xUnit.csproj", "{26AD2807-5ED5-412C-957A-294A96DF20D6}"
EndProject
Global
	GlobalSection(SolutionConfigurationPlatforms) = preSolution
		Debug|Any CPU = Debug|Any CPU
		Release|Any CPU = Release|Any CPU
	EndGlobalSection
	GlobalSection(ProjectConfigurationPlatforms) = postSolution
		{B6519E43-F032-44DE-9413-F9DF615BFAE3}.Debug|Any CPU.ActiveCfg = Debug|Any CPU
		{B6519E43-F032-44DE-9413-F9DF615BFAE3}.Debug|Any CPU.Build.0 = Debug|Any CPU
		{B6519E43-F032-44DE-9413-F9DF615BFAE3}.Release|Any CPU.ActiveCfg = Release|Any CPU
		{B6519E43-F032-44DE-9413-F9DF615BFAE3}.Release|Any CPU.Build.0 = Release|Any CPU
		{0E83A788-A15F-4043-AFBE-8BE769101EBF}.Debug|Any CPU.ActiveCfg = Debug|Any CPU
		{0E83A788-A15F-4043-AFBE-8BE769101EBF}.Debug|Any CPU.Build.0 = Debug|Any CPU
		{0E83A788-A15F-4043-AFBE-8BE769101EBF}.Release|Any CPU.ActiveCfg = Release|Any CPU
		{0E83A788-A15F-4043-AFBE-8BE769101EBF}.Release|Any CPU.Build.0 = Release|Any CPU
		{26AD2807-5ED5-412C-957A-294A96DF20D6}.Debug|Any CPU.ActiveCfg = Debug|Any CPU
		{26AD2807-5ED5-412C-957A-294A96DF20D6}.Debug|Any CPU.Build.0 = Debug|Any CPU
		{26AD2807-5ED5-412C-957A-294A96DF20D6}.Release|Any CPU.ActiveCfg = Release|Any CPU
		{26AD2807-5ED5-412C-957A-294A96DF20D6}.Release|Any CPU.Build.0 = Release|Any CPU
	EndGlobalSection
	GlobalSection(SolutionProperties) = preSolution
		HideSolutionNode = FALSE
	EndGlobalSection
	GlobalSection(ExtensibilityGlobals) = postSolution
		SolutionGuid = {FEF839A2-FEC0-479E-A8ED-721B842E294D}
	EndGlobalSection
EndGlobal
